// !$*UTF8*$!
{
	archiveVersion = 1;
	classes = {
	};
	objectVersion = 46;
	objects = {

/* Begin PBXBuildFile section */
		BE00A9A41EF3DCBE00B48D9E /* AppDelegate.swift in Sources */ = {isa = PBXBuildFile; fileRef = BE00A9A31EF3DCBE00B48D9E /* AppDelegate.swift */; };
		BE00A9A61EF3DCBE00B48D9E /* ViewController.swift in Sources */ = {isa = PBXBuildFile; fileRef = BE00A9A51EF3DCBE00B48D9E /* ViewController.swift */; };
		BE00A9A91EF3DCBE00B48D9E /* Main.storyboard in Resources */ = {isa = PBXBuildFile; fileRef = BE00A9A71EF3DCBE00B48D9E /* Main.storyboard */; };
		BE00A9AB1EF3DCBE00B48D9E /* Assets.xcassets in Resources */ = {isa = PBXBuildFile; fileRef = BE00A9AA1EF3DCBE00B48D9E /* Assets.xcassets */; };
		BE00A9AE1EF3DCBE00B48D9E /* LaunchScreen.storyboard in Resources */ = {isa = PBXBuildFile; fileRef = BE00A9AC1EF3DCBE00B48D9E /* LaunchScreen.storyboard */; };
/* End PBXBuildFile section */

/* Begin PBXFileReference section */
		BE00A9A01EF3DCBE00B48D9E /* myfirstapp.app */ = {isa = PBXFileReference; explicitFileType = wrapper.application; includeInIndex = 0; path = myfirstapp.app; sourceTree = BUILT_PRODUCTS_DIR; };
		BE00A9A31EF3DCBE00B48D9E /* AppDelegate.swift */ = {isa = PBXFileReference; lastKnownFileType = sourcecode.swift; path = AppDelegate.swift; sourceTree = "<group>"; };
		BE00A9A51EF3DCBE00B48D9E /* ViewController.swift */ = {isa = PBXFileReference; lastKnownFileType = sourcecode.swift; path = ViewController.swift; sourceTree = "<group>"; };
		BE00A9A81EF3DCBE00B48D9E /* Base */ = {isa = PBXFileReference; lastKnownFileType = file.storyboard; name = Base; path = Base.lproj/Main.storyboard; sourceTree = "<group>"; };
		BE00A9AA1EF3DCBE00B48D9E /* Assets.xcassets */ = {isa = PBXFileReference; lastKnownFileType = folder.assetcatalog; path = Assets.xcassets; sourceTree = "<group>"; };
		BE00A9AD1EF3DCBE00B48D9E /* Base */ = {isa = PBXFileReference; lastKnownFileType = file.storyboard; name = Base; path = Base.lproj/LaunchScreen.storyboard; sourceTree = "<group>"; };
		BE00A9AF1EF3DCBE00B48D9E /* Info.plist */ = {isa = PBXFileReference; lastKnownFileType = text.plist.xml; path = Info.plist; sourceTree = "<group>"; };
/* End PBXFileReference section */

/* Begin PBXFrameworksBuildPhase section */
		BE00A99D1EF3DCBE00B48D9E /* Frameworks */ = {
			isa = PBXFrameworksBuildPhase;
			buildActionMask = 2147483647;
			files = (
			);
			runOnlyForDeploymentPostprocessing = 0;
		};
/* End PBXFrameworksBuildPhase section */

/* Begin PBXGroup section */
		BE00A9971EF3DCBE00B48D9E = {
			isa = PBXGroup;
			children = (
				BE00A9A21EF3DCBE00B48D9E /* myfirstapp */,
				BE00A9A11EF3DCBE00B48D9E /* Products */,
			);
			sourceTree = "<group>";
		};
		BE00A9A11EF3DCBE00B48D9E /* Products */ = {
			isa = PBXGroup;
			children = (
				BE00A9A01EF3DCBE00B48D9E /* myfirstapp.app */,
			);
			name = Products;
			sourceTree = "<group>";
		};
		BE00A9A21EF3DCBE00B48D9E /* myfirstapp */ = {
			isa = PBXGroup;
			children = (
				BE00A9A31EF3DCBE00B48D9E /* AppDelegate.swift */,
				BE00A9A51EF3DCBE00B48D9E /* ViewController.swift */,
				BE00A9A71EF3DCBE00B48D9E /* Main.storyboard */,
				BE00A9AA1EF3DCBE00B48D9E /* Assets.xcassets */,
				BE00A9AC1EF3DCBE00B48D9E /* LaunchScreen.storyboard */,
				BE00A9AF1EF3DCBE00B48D9E /* Info.plist */,
			);
			path = myfirstapp;
			sourceTree = "<group>";
		};
/* End PBXGroup section */

/* Begin PBXNativeTarget section */
		BE00A99F1EF3DCBE00B48D9E /* myfirstapp */ = {
			isa = PBXNativeTarget;
			buildConfigurationList = BE00A9B21EF3DCBE00B48D9E /* Build configuration list for PBXNativeTarget "myfirstapp" */;
			buildPhases = (
				BE00A99C1EF3DCBE00B48D9E /* Sources */,
				BE00A99D1EF3DCBE00B48D9E /* Frameworks */,
				BE00A99E1EF3DCBE00B48D9E /* Resources */,
			);
			buildRules = (
			);
			dependencies = (
			);
			name = myfirstapp;
			productName = myfirstapp;
			productReference = BE00A9A01EF3DCBE00B48D9E /* myfirstapp.app */;
			productType = "com.apple.product-type.application";
		};
/* End PBXNativeTarget section */

/* Begin PBXProject section */
		BE00A9981EF3DCBE00B48D9E /* Project object */ = {
			isa = PBXProject;
			attributes = {
				LastSwiftUpdateCheck = 0830;
				LastUpgradeCheck = 0830;
				ORGANIZATIONNAME = ken;
				TargetAttributes = {
					BE00A99F1EF3DCBE00B48D9E = {
						CreatedOnToolsVersion = 8.3.2;
						ProvisioningStyle = Automatic;
					};
				};
			};
			buildConfigurationList = BE00A99B1EF3DCBE00B48D9E /* Build configuration list for PBXProject "myfirstapp" */;
			compatibilityVersion = "Xcode 3.2";
			developmentRegion = English;
			hasScannedForEncodings = 0;
			knownRegions = (
				en,
				Base,
			);
			mainGroup = BE00A9971EF3DCBE00B48D9E;
			productRefGroup = BE00A9A11EF3DCBE00B48D9E /* Products */;
			projectDirPath = "";
			projectRoot = "";
			targets = (
				BE00A99F1EF3DCBE00B48D9E /* myfirstapp */,
			);
		};
/* End PBXProject section */

/* Begin PBXResourcesBuildPhase section */
		BE00A99E1EF3DCBE00B48D9E /* Resources */ = {
			isa = PBXResourcesBuildPhase;
			buildActionMask = 2147483647;
			files = (
				BE00A9AE1EF3DCBE00B48D9E /* LaunchScreen.storyboard in Resources */,
				BE00A9AB1EF3DCBE00B48D9E /* Assets.xcassets in Resources */,
				BE00A9A91EF3DCBE00B48D9E /* Main.storyboard in Resources */,
			);
			runOnlyForDeploymentPostprocessing = 0;
		};
/* End PBXResourcesBuildPhase section */

/* Begin PBXSourcesBuildPhase section */
		BE00A99C1EF3DCBE00B48D9E /* Sources */ = {
			isa = PBXSourcesBuildPhase;
			buildActionMask = 2147483647;
			files = (
				BE00A9A61EF3DCBE00B48D9E /* ViewController.swift in Sources */,
				BE00A9A41EF3DCBE00B48D9E /* AppDelegate.swift in Sources */,
			);
			runOnlyForDeploymentPostprocessing = 0;
		};
/* End PBXSourcesBuildPhase section */

/* Begin PBXVariantGroup section */
		BE00A9A71EF3DCBE00B48D9E /* Main.storyboard */ = {
			isa = PBXVariantGroup;
			children = (
				BE00A9A81EF3DCBE00B48D9E /* Base */,
			);
			name = Main.storyboard;
			sourceTree = "<group>";
		};
		BE00A9AC1EF3DCBE00B48D9E /* LaunchScreen.storyboard */ = {
			isa = PBXVariantGroup;
			children = (
				BE00A9AD1EF3DCBE00B48D9E /* Base */,
			);
			name = LaunchScreen.storyboard;
			sourceTree = "<group>";
		};
/* End PBXVariantGroup section */

/* Begin XCBuildConfiguration section */
		BE00A9B01EF3DCBE00B48D9E /* Debug */ = {
			isa = XCBuildConfiguration;
			buildSettings = {
				ALWAYS_SEARCH_USER_PATHS = NO;
				CLANG_ANALYZER_NONNULL = YES;
				CLANG_ANALYZER_NUMBER_OBJECT_CONVERSION = YES_AGGRESSIVE;
				CLANG_CXX_LANGUAGE_STANDARD = "gnu++0x";
				CLANG_CXX_LIBRARY = "libc++";
				CLANG_ENABLE_MODULES = YES;
				CLANG_ENABLE_OBJC_ARC = YES;
				CLANG_WARN_BOOL_CONVERSION = YES;
				CLANG_WARN_CONSTANT_CONVERSION = YES;
				CLANG_WARN_DIRECT_OBJC_ISA_USAGE = YES_ERROR;
				CLANG_WARN_DOCUMENTATION_COMMENTS = YES;
				CLANG_WARN_EMPTY_BODY = YES;
				CLANG_WARN_ENUM_CONVERSION = YES;
				CLANG_WARN_INFINITE_RECURSION = YES;
				CLANG_WARN_INT_CONVERSION = YES;
				CLANG_WARN_OBJC_ROOT_CLASS = YES_ERROR;
				CLANG_WARN_SUSPICIOUS_MOVE = YES;
				CLANG_WARN_UNREACHABLE_CODE = YES;
				CLANG_WARN__DUPLICATE_METHOD_MATCH = YES;
				"CODE_SIGN_IDENTITY[sdk=iphoneos*]" = "iPhone Developer";
				COPY_PHASE_STRIP = NO;
				DEBUG_INFORMATION_FORMAT = dwarf;
				ENABLE_STRICT_OBJC_MSGSEND = YES;
				ENABLE_TESTABILITY = YES;
				GCC_C_LANGUAGE_STANDARD = gnu99;
				GCC_DYNAMIC_NO_PIC = NO;
				GCC_NO_COMMON_BLOCKS = YES;
				GCC_OPTIMIZATION_LEVEL = 0;
				GCC_PREPROCESSOR_DEFINITIONS = (
					"DEBUG=1",
					"$(inherited)",
				);
				GCC_WARN_64_TO_32_BIT_CONVERSION = YES;
				GCC_WARN_ABOUT_RETURN_TYPE = YES_ERROR;
				GCC_WARN_UNDECLARED_SELECTOR = YES;
				GCC_WARN_UNINITIALIZED_AUTOS = YES_AGGRESSIVE;
				GCC_WARN_UNUSED_FUNCTION = YES;
				GCC_WARN_UNUSED_VARIABLE = YES;
				IPHONEOS_DEPLOYMENT_TARGET = 10.3;
				MTL_ENABLE_DEBUG_INFO = YES;
				ONLY_ACTIVE_ARCH = YES;
				SDKROOT = iphoneos;
				SWIFT_ACTIVE_COMPILATION_CONDITIONS = DEBUG;
				SWIFT_OPTIMIZATION_LEVEL = "-Onone";
			};
			name = Debug;
		};
		BE00A9B11EF3DCBE00B48D9E /* Release */ = {
			isa = XCBuildConfiguration;
			buildSettings = {
				ALWAYS_SEARCH_USER_PATHS = NO;
				CLANG_ANALYZER_NONNULL = YES;
				CLANG_ANALYZER_NUMBER_OBJECT_CONVERSION = YES_AGGRESSIVE;
				CLANG_CXX_LANGUAGE_STANDARD = "gnu++0x";
				CLANG_CXX_LIBRARY = "libc++";
				CLANG_ENABLE_MODULES = YES;
				CLANG_ENABLE_OBJC_ARC = YES;
				CLANG_WARN_BOOL_CONVERSION = YES;
				CLANG_WARN_CONSTANT_CONVERSION = YES;
				CLANG_WARN_DIRECT_OBJC_ISA_USAGE = YES_ERROR;
				CLANG_WARN_DOCUMENTATION_COMMENTS = YES;
				CLANG_WARN_EMPTY_BODY = YES;
				CLANG_WARN_ENUM_CONVERSION = YES;
				CLANG_WARN_INFINITE_RECURSION = YES;
				CLANG_WARN_INT_CONVERSION = YES;
				CLANG_WARN_OBJC_ROOT_CLASS = YES_ERROR;
				CLANG_WARN_SUSPICIOUS_MOVE = YES;
				CLANG_WARN_UNREACHABLE_CODE = YES;
				CLANG_WARN__DUPLICATE_METHOD_MATCH = YES;
				"CODE_SIGN_IDENTITY[sdk=iphoneos*]" = "iPhone Developer";
				COPY_PHASE_STRIP = NO;
				DEBUG_INFORMATION_FORMAT = "dwarf-with-dsym";
				ENABLE_NS_ASSERTIONS = NO;
				ENABLE_STRICT_OBJC_MSGSEND = YES;
				GCC_C_LANGUAGE_STANDARD = gnu99;
				GCC_NO_COMMON_BLOCKS = YES;
				GCC_WARN_64_TO_32_BIT_CONVERSION = YES;
				GCC_WARN_ABOUT_RETURN_TYPE = YES_ERROR;
				GCC_WARN_UNDECLARED_SELECTOR = YES;
				GCC_WARN_UNINITIALIZED_AUTOS = YES_AGGRESSIVE;
				GCC_WARN_UNUSED_FUNCTION = YES;
				GCC_WARN_UNUSED_VARIABLE = YES;
				IPHONEOS_DEPLOYMENT_TARGET = 10.3;
				MTL_ENABLE_DEBUG_INFO = NO;
				SDKROOT = iphoneos;
				SWIFT_OPTIMIZATION_LEVEL = "-Owholemodule";
				VALIDATE_PRODUCT = YES;
			};
			name = Release;
		};
		BE00A9B31EF3DCBE00B48D9E /* Debug */ = {
			isa = XCBuildConfiguration;
			buildSettings = {
				ASSETCATALOG_COMPILER_APPICON_NAME = AppIcon;
				INFOPLIST_FILE = myfirstapp/Info.plist;
				LD_RUNPATH_SEARCH_PATHS = "$(inherited) @executable_path/Frameworks";
				PRODUCT_BUNDLE_IDENTIFIER = ntu.myfirstapp;
				PRODUCT_NAME = "$(TARGET_NAME)";
				SWIFT_VERSION = 3.0;
			};
			name = Debug;
		};
		BE00A9B41EF3DCBE00B48D9E /* Release */ = {
			isa = XCBuildConfiguration;
			buildSettings = {
				ASSETCATALOG_COMPILER_APPICON_NAME = AppIcon;
				INFOPLIST_FILE = myfirstapp/Info.plist;
				LD_RUNPATH_SEARCH_PATHS = "$(inherited) @executable_path/Frameworks";
				PRODUCT_BUNDLE_IDENTIFIER = ntu.myfirstapp;
				PRODUCT_NAME = "$(TARGET_NAME)";
				SWIFT_VERSION = 3.0;
			};
			name = Release;
		};
/* End XCBuildConfiguration section */

/* Begin XCConfigurationList section */
		BE00A99B1EF3DCBE00B48D9E /* Build configuration list for PBXProject "myfirstapp" */ = {
			isa = XCConfigurationList;
			buildConfigurations = (
				BE00A9B01EF3DCBE00B48D9E /* Debug */,
				BE00A9B11EF3DCBE00B48D9E /* Release */,
			);
			defaultConfigurationIsVisible = 0;
			defaultConfigurationName = Release;
		};
		BE00A9B21EF3DCBE00B48D9E /* Build configuration list for PBXNativeTarget "myfirstapp" */ = {
			isa = XCConfigurationList;
			buildConfigurations = (
				BE00A9B31EF3DCBE00B48D9E /* Debug */,
				BE00A9B41EF3DCBE00B48D9E /* Release */,
			);
			defaultConfigurationIsVisible = 0;
		};
/* End XCConfigurationList section */
	};
	rootObject = BE00A9981EF3DCBE00B48D9E /* Project object */;
}
